
Microsoft Visual Studio Solution File, Format Version 12.00
# Visual Studio Version 16
VisualStudioVersion = 16.0.30011.22
MinimumVisualStudioVersion = 10.0.40219.1
Project("{9A19103F-16F7-4668-BE54-9A1E7A4F7556}") = "LabS", "LabS\LabS.csproj", "{3FE8EA1D-6046-4AF1-BD0C-9873F274809A}"
EndProject
Project("{FAE04EC0-301F-11D3-BF4B-00C04F79EFBC}") = "Tropy", "Tropy\Tropy.csproj", "{21D08B58-C7AF-46DD-9841-6A15F6151341}"
EndProject
Global
	GlobalSection(SolutionConfigurationPlatforms) = preSolution
		Debug|Any CPU = Debug|Any CPU
		Release|Any CPU = Release|Any CPU
	EndGlobalSection
	GlobalSection(ProjectConfigurationPlatforms) = postSolution
		{3FE8EA1D-6046-4AF1-BD0C-9873F274809A}.Debug|Any CPU.ActiveCfg = Debug|Any CPU
		{3FE8EA1D-6046-4AF1-BD0C-9873F274809A}.Debug|Any CPU.Build.0 = Debug|Any CPU
		{3FE8EA1D-6046-4AF1-BD0C-9873F274809A}.Release|Any CPU.ActiveCfg = Release|Any CPU
		{3FE8EA1D-6046-4AF1-BD0C-9873F274809A}.Release|Any CPU.Build.0 = Release|Any CPU
		{21D08B58-C7AF-46DD-9841-6A15F6151341}.Debug|Any CPU.ActiveCfg = Debug|Any CPU
		{21D08B58-C7AF-46DD-9841-6A15F6151341}.Debug|Any CPU.Build.0 = Debug|Any CPU
		{21D08B58-C7AF-46DD-9841-6A15F6151341}.Release|Any CPU.ActiveCfg = Release|Any CPU
		{21D08B58-C7AF-46DD-9841-6A15F6151341}.Release|Any CPU.Build.0 = Release|Any CPU
	EndGlobalSection
	GlobalSection(SolutionProperties) = preSolution
		HideSolutionNode = FALSE
	EndGlobalSection
	GlobalSection(ExtensibilityGlobals) = postSolution
		SolutionGuid = {25771E89-5213-4D1C-87FE-41454C0806D0}
	EndGlobalSection
EndGlobal
